// !$*UTF8*$!
{
	archiveVersion = 1;
	classes = {
	};
	objectVersion = 46;
	objects = {

/* Begin PBXBuildFile section */
		8A4C529A1E1B6395002EE9C5 /* AppDelegate.swift in Sources */ = {isa = PBXBuildFile; fileRef = 8A4C52991E1B6395002EE9C5 /* AppDelegate.swift */; };
		8A4C52A11E1B6395002EE9C5 /* Main.storyboard in Resources */ = {isa = PBXBuildFile; fileRef = 8A4C529F1E1B6395002EE9C5 /* Main.storyboard */; };
		8A4C52AC1E1B6395002EE9C5 /* RepoManTests.swift in Sources */ = {isa = PBXBuildFile; fileRef = 8A4C52AB1E1B6395002EE9C5 /* RepoManTests.swift */; };
		8A4C52B71E1B6395002EE9C5 /* RepoManUITests.swift in Sources */ = {isa = PBXBuildFile; fileRef = 8A4C52B61E1B6395002EE9C5 /* RepoManUITests.swift */; };
		8A4C52C51E1B63C9002EE9C5 /* PackageCreation.swift in Sources */ = {isa = PBXBuildFile; fileRef = 8A4C52C41E1B63C9002EE9C5 /* PackageCreation.swift */; };
		8A4C52C71E1B6D5D002EE9C5 /* GlobalFunctions.swift in Sources */ = {isa = PBXBuildFile; fileRef = 8A4C52C61E1B6D5D002EE9C5 /* GlobalFunctions.swift */; };
		8A4C52C91E1B7286002EE9C5 /* DestinationView.swift in Sources */ = {isa = PBXBuildFile; fileRef = 8A4C52C81E1B7286002EE9C5 /* DestinationView.swift */; };
		8A4C52CB1E1C2AEA002EE9C5 /* SelectionScreen.swift in Sources */ = {isa = PBXBuildFile; fileRef = 8A4C52CA1E1C2AEA002EE9C5 /* SelectionScreen.swift */; };
		8A4C52CD1E1C2D38002EE9C5 /* HomebrewInstaller.swift in Sources */ = {isa = PBXBuildFile; fileRef = 8A4C52CC1E1C2D38002EE9C5 /* HomebrewInstaller.swift */; };
		8A4C52CF1E1C65F1002EE9C5 /* Assets.xcassets in Resources */ = {isa = PBXBuildFile; fileRef = 8A4C52CE1E1C65F1002EE9C5 /* Assets.xcassets */; };
		8A4C52D11E1C976F002EE9C5 /* RepositoryManagement.swift in Sources */ = {isa = PBXBuildFile; fileRef = 8A4C52D01E1C976F002EE9C5 /* RepositoryManagement.swift */; };
		8A4C52D31E1CB902002EE9C5 /* PreferencesController.swift in Sources */ = {isa = PBXBuildFile; fileRef = 8A4C52D21E1CB902002EE9C5 /* PreferencesController.swift */; };
/* End PBXBuildFile section */

/* Begin PBXContainerItemProxy section */
		8A4C52A81E1B6395002EE9C5 /* PBXContainerItemProxy */ = {
			isa = PBXContainerItemProxy;
			containerPortal = 8A4C528E1E1B6395002EE9C5 /* Project object */;
			proxyType = 1;
			remoteGlobalIDString = 8A4C52951E1B6395002EE9C5;
			remoteInfo = RepoMan;
		};
		8A4C52B31E1B6395002EE9C5 /* PBXContainerItemProxy */ = {
			isa = PBXContainerItemProxy;
			containerPortal = 8A4C528E1E1B6395002EE9C5 /* Project object */;
			proxyType = 1;
			remoteGlobalIDString = 8A4C52951E1B6395002EE9C5;
			remoteInfo = RepoMan;
		};
/* End PBXContainerItemProxy section */

/* Begin PBXFileReference section */
		8A4C52961E1B6395002EE9C5 /* Quelle.app */ = {isa = PBXFileReference; explicitFileType = wrapper.application; includeInIndex = 0; path = Quelle.app; sourceTree = BUILT_PRODUCTS_DIR; };
		8A4C52991E1B6395002EE9C5 /* AppDelegate.swift */ = {isa = PBXFileReference; lastKnownFileType = sourcecode.swift; path = AppDelegate.swift; sourceTree = "<group>"; };
		8A4C52A01E1B6395002EE9C5 /* Base */ = {isa = PBXFileReference; lastKnownFileType = file.storyboard; name = Base; path = Base.lproj/Main.storyboard; sourceTree = "<group>"; };
		8A4C52A21E1B6395002EE9C5 /* Info.plist */ = {isa = PBXFileReference; lastKnownFileType = text.plist.xml; path = Info.plist; sourceTree = "<group>"; };
		8A4C52A71E1B6395002EE9C5 /* QuelleTests.xctest */ = {isa = PBXFileReference; explicitFileType = wrapper.cfbundle; includeInIndex = 0; path = QuelleTests.xctest; sourceTree = BUILT_PRODUCTS_DIR; };
		8A4C52AB1E1B6395002EE9C5 /* RepoManTests.swift */ = {isa = PBXFileReference; lastKnownFileType = sourcecode.swift; path = RepoManTests.swift; sourceTree = "<group>"; };
		8A4C52AD1E1B6395002EE9C5 /* Info.plist */ = {isa = PBXFileReference; lastKnownFileType = text.plist.xml; path = Info.plist; sourceTree = "<group>"; };
		8A4C52B21E1B6395002EE9C5 /* QuelleUITests.xctest */ = {isa = PBXFileReference; explicitFileType = wrapper.cfbundle; includeInIndex = 0; path = QuelleUITests.xctest; sourceTree = BUILT_PRODUCTS_DIR; };
		8A4C52B61E1B6395002EE9C5 /* RepoManUITests.swift */ = {isa = PBXFileReference; lastKnownFileType = sourcecode.swift; path = RepoManUITests.swift; sourceTree = "<group>"; };
		8A4C52B81E1B6395002EE9C5 /* Info.plist */ = {isa = PBXFileReference; lastKnownFileType = text.plist.xml; path = Info.plist; sourceTree = "<group>"; };
		8A4C52C41E1B63C9002EE9C5 /* PackageCreation.swift */ = {isa = PBXFileReference; fileEncoding = 4; lastKnownFileType = sourcecode.swift; path = PackageCreation.swift; sourceTree = "<group>"; };
		8A4C52C61E1B6D5D002EE9C5 /* GlobalFunctions.swift */ = {isa = PBXFileReference; fileEncoding = 4; lastKnownFileType = sourcecode.swift; path = GlobalFunctions.swift; sourceTree = "<group>"; };
		8A4C52C81E1B7286002EE9C5 /* DestinationView.swift */ = {isa = PBXFileReference; fileEncoding = 4; lastKnownFileType = sourcecode.swift; path = DestinationView.swift; sourceTree = "<group>"; };
		8A4C52CA1E1C2AEA002EE9C5 /* SelectionScreen.swift */ = {isa = PBXFileReference; fileEncoding = 4; lastKnownFileType = sourcecode.swift; path = SelectionScreen.swift; sourceTree = "<group>"; };
		8A4C52CC1E1C2D38002EE9C5 /* HomebrewInstaller.swift */ = {isa = PBXFileReference; fileEncoding = 4; lastKnownFileType = sourcecode.swift; path = HomebrewInstaller.swift; sourceTree = "<group>"; };
		8A4C52CE1E1C65F1002EE9C5 /* Assets.xcassets */ = {isa = PBXFileReference; lastKnownFileType = folder.assetcatalog; path = Assets.xcassets; sourceTree = "<group>"; };
		8A4C52D01E1C976F002EE9C5 /* RepositoryManagement.swift */ = {isa = PBXFileReference; fileEncoding = 4; lastKnownFileType = sourcecode.swift; path = RepositoryManagement.swift; sourceTree = "<group>"; };
		8A4C52D21E1CB902002EE9C5 /* PreferencesController.swift */ = {isa = PBXFileReference; fileEncoding = 4; lastKnownFileType = sourcecode.swift; path = PreferencesController.swift; sourceTree = "<group>"; };
/* End PBXFileReference section */

/* Begin PBXFrameworksBuildPhase section */
		8A4C52931E1B6395002EE9C5 /* Frameworks */ = {
			isa = PBXFrameworksBuildPhase;
			buildActionMask = 2147483647;
			files = (
			);
			runOnlyForDeploymentPostprocessing = 0;
		};
		8A4C52A41E1B6395002EE9C5 /* Frameworks */ = {
			isa = PBXFrameworksBuildPhase;
			buildActionMask = 2147483647;
			files = (
			);
			runOnlyForDeploymentPostprocessing = 0;
		};
		8A4C52AF1E1B6395002EE9C5 /* Frameworks */ = {
			isa = PBXFrameworksBuildPhase;
			buildActionMask = 2147483647;
			files = (
			);
			runOnlyForDeploymentPostprocessing = 0;
		};
/* End PBXFrameworksBuildPhase section */

/* Begin PBXGroup section */
		8A4C528D1E1B6395002EE9C5 = {
			isa = PBXGroup;
			children = (
				8A4C52981E1B6395002EE9C5 /* Quelle */,
				8A4C52AA1E1B6395002EE9C5 /* QuelleTests */,
				8A4C52B51E1B6395002EE9C5 /* QuelleUITests */,
				8A4C52971E1B6395002EE9C5 /* Products */,
			);
			sourceTree = "<group>";
		};
		8A4C52971E1B6395002EE9C5 /* Products */ = {
			isa = PBXGroup;
			children = (
				8A4C52961E1B6395002EE9C5 /* Quelle.app */,
				8A4C52A71E1B6395002EE9C5 /* QuelleTests.xctest */,
				8A4C52B21E1B6395002EE9C5 /* QuelleUITests.xctest */,
			);
			name = Products;
			sourceTree = "<group>";
		};
		8A4C52981E1B6395002EE9C5 /* Quelle */ = {
			isa = PBXGroup;
			children = (
				8A4C52991E1B6395002EE9C5 /* AppDelegate.swift */,
				8A4C52CC1E1C2D38002EE9C5 /* HomebrewInstaller.swift */,
				8A4C52C81E1B7286002EE9C5 /* DestinationView.swift */,
				8A4C52C41E1B63C9002EE9C5 /* PackageCreation.swift */,
				8A4C52C61E1B6D5D002EE9C5 /* GlobalFunctions.swift */,
				8A4C52CA1E1C2AEA002EE9C5 /* SelectionScreen.swift */,
				8A4C52D01E1C976F002EE9C5 /* RepositoryManagement.swift */,
				8A4C52D21E1CB902002EE9C5 /* PreferencesController.swift */,
				8A4C52CE1E1C65F1002EE9C5 /* Assets.xcassets */,
				8A4C529F1E1B6395002EE9C5 /* Main.storyboard */,
				8A4C52A21E1B6395002EE9C5 /* Info.plist */,
			);
			name = Quelle;
			path = RepoMan;
			sourceTree = "<group>";
		};
		8A4C52AA1E1B6395002EE9C5 /* QuelleTests */ = {
			isa = PBXGroup;
			children = (
				8A4C52AB1E1B6395002EE9C5 /* RepoManTests.swift */,
				8A4C52AD1E1B6395002EE9C5 /* Info.plist */,
			);
			name = QuelleTests;
			path = RepoManTests;
			sourceTree = "<group>";
		};
		8A4C52B51E1B6395002EE9C5 /* QuelleUITests */ = {
			isa = PBXGroup;
			children = (
				8A4C52B61E1B6395002EE9C5 /* RepoManUITests.swift */,
				8A4C52B81E1B6395002EE9C5 /* Info.plist */,
			);
			name = QuelleUITests;
			path = RepoManUITests;
			sourceTree = "<group>";
		};
/* End PBXGroup section */

/* Begin PBXNativeTarget section */
		8A4C52951E1B6395002EE9C5 /* Quelle */ = {
			isa = PBXNativeTarget;
			buildConfigurationList = 8A4C52BB1E1B6395002EE9C5 /* Build configuration list for PBXNativeTarget "Quelle" */;
			buildPhases = (
				8A4C52921E1B6395002EE9C5 /* Sources */,
				8A4C52931E1B6395002EE9C5 /* Frameworks */,
				8A4C52941E1B6395002EE9C5 /* Resources */,
			);
			buildRules = (
			);
			dependencies = (
			);
			name = Quelle;
			productName = RepoMan;
			productReference = 8A4C52961E1B6395002EE9C5 /* Quelle.app */;
			productType = "com.apple.product-type.application";
		};
		8A4C52A61E1B6395002EE9C5 /* QuelleTests */ = {
			isa = PBXNativeTarget;
			buildConfigurationList = 8A4C52BE1E1B6395002EE9C5 /* Build configuration list for PBXNativeTarget "QuelleTests" */;
			buildPhases = (
				8A4C52A31E1B6395002EE9C5 /* Sources */,
				8A4C52A41E1B6395002EE9C5 /* Frameworks */,
				8A4C52A51E1B6395002EE9C5 /* Resources */,
			);
			buildRules = (
			);
			dependencies = (
				8A4C52A91E1B6395002EE9C5 /* PBXTargetDependency */,
			);
			name = QuelleTests;
			productName = RepoManTests;
			productReference = 8A4C52A71E1B6395002EE9C5 /* QuelleTests.xctest */;
			productType = "com.apple.product-type.bundle.unit-test";
		};
		8A4C52B11E1B6395002EE9C5 /* QuelleUITests */ = {
			isa = PBXNativeTarget;
			buildConfigurationList = 8A4C52C11E1B6395002EE9C5 /* Build configuration list for PBXNativeTarget "QuelleUITests" */;
			buildPhases = (
				8A4C52AE1E1B6395002EE9C5 /* Sources */,
				8A4C52AF1E1B6395002EE9C5 /* Frameworks */,
				8A4C52B01E1B6395002EE9C5 /* Resources */,
			);
			buildRules = (
			);
			dependencies = (
				8A4C52B41E1B6395002EE9C5 /* PBXTargetDependency */,
			);
			name = QuelleUITests;
			productName = RepoManUITests;
			productReference = 8A4C52B21E1B6395002EE9C5 /* QuelleUITests.xctest */;
			productType = "com.apple.product-type.bundle.ui-testing";
		};
/* End PBXNativeTarget section */

/* Begin PBXProject section */
		8A4C528E1E1B6395002EE9C5 /* Project object */ = {
			isa = PBXProject;
			attributes = {
				LastSwiftUpdateCheck = 0820;
				LastUpgradeCheck = 0820;
				ORGANIZATIONNAME = "Keaton Burleson";
				TargetAttributes = {
					8A4C52951E1B6395002EE9C5 = {
						CreatedOnToolsVersion = 8.2.1;
						ProvisioningStyle = Automatic;
					};
					8A4C52A61E1B6395002EE9C5 = {
						CreatedOnToolsVersion = 8.2.1;
						ProvisioningStyle = Automatic;
						TestTargetID = 8A4C52951E1B6395002EE9C5;
					};
					8A4C52B11E1B6395002EE9C5 = {
						CreatedOnToolsVersion = 8.2.1;
						ProvisioningStyle = Automatic;
						TestTargetID = 8A4C52951E1B6395002EE9C5;
					};
				};
			};
			buildConfigurationList = 8A4C52911E1B6395002EE9C5 /* Build configuration list for PBXProject "Quelle" */;
			compatibilityVersion = "Xcode 3.2";
			developmentRegion = English;
			hasScannedForEncodings = 0;
			knownRegions = (
				en,
				Base,
			);
			mainGroup = 8A4C528D1E1B6395002EE9C5;
			productRefGroup = 8A4C52971E1B6395002EE9C5 /* Products */;
			projectDirPath = "";
			projectRoot = "";
			targets = (
				8A4C52951E1B6395002EE9C5 /* Quelle */,
				8A4C52A61E1B6395002EE9C5 /* QuelleTests */,
				8A4C52B11E1B6395002EE9C5 /* QuelleUITests */,
			);
		};
/* End PBXProject section */

/* Begin PBXResourcesBuildPhase section */
		8A4C52941E1B6395002EE9C5 /* Resources */ = {
			isa = PBXResourcesBuildPhase;
			buildActionMask = 2147483647;
			files = (
				8A4C52CF1E1C65F1002EE9C5 /* Assets.xcassets in Resources */,
				8A4C52A11E1B6395002EE9C5 /* Main.storyboard in Resources */,
			);
			runOnlyForDeploymentPostprocessing = 0;
		};
		8A4C52A51E1B6395002EE9C5 /* Resources */ = {
			isa = PBXResourcesBuildPhase;
			buildActionMask = 2147483647;
			files = (
			);
			runOnlyForDeploymentPostprocessing = 0;
		};
		8A4C52B01E1B6395002EE9C5 /* Resources */ = {
			isa = PBXResourcesBuildPhase;
			buildActionMask = 2147483647;
			files = (
			);
			runOnlyForDeploymentPostprocessing = 0;
		};
/* End PBXResourcesBuildPhase section */

/* Begin PBXSourcesBuildPhase section */
		8A4C52921E1B6395002EE9C5 /* Sources */ = {
			isa = PBXSourcesBuildPhase;
			buildActionMask = 2147483647;
			files = (
				8A4C529A1E1B6395002EE9C5 /* AppDelegate.swift in Sources */,
				8A4C52C91E1B7286002EE9C5 /* DestinationView.swift in Sources */,
				8A4C52C51E1B63C9002EE9C5 /* PackageCreation.swift in Sources */,
				8A4C52CD1E1C2D38002EE9C5 /* HomebrewInstaller.swift in Sources */,
				8A4C52D31E1CB902002EE9C5 /* PreferencesController.swift in Sources */,
				8A4C52CB1E1C2AEA002EE9C5 /* SelectionScreen.swift in Sources */,
				8A4C52D11E1C976F002EE9C5 /* RepositoryManagement.swift in Sources */,
				8A4C52C71E1B6D5D002EE9C5 /* GlobalFunctions.swift in Sources */,
			);
			runOnlyForDeploymentPostprocessing = 0;
		};
		8A4C52A31E1B6395002EE9C5 /* Sources */ = {
			isa = PBXSourcesBuildPhase;
			buildActionMask = 2147483647;
			files = (
				8A4C52AC1E1B6395002EE9C5 /* RepoManTests.swift in Sources */,
			);
			runOnlyForDeploymentPostprocessing = 0;
		};
		8A4C52AE1E1B6395002EE9C5 /* Sources */ = {
			isa = PBXSourcesBuildPhase;
			buildActionMask = 2147483647;
			files = (
				8A4C52B71E1B6395002EE9C5 /* RepoManUITests.swift in Sources */,
			);
			runOnlyForDeploymentPostprocessing = 0;
		};
/* End PBXSourcesBuildPhase section */

/* Begin PBXTargetDependency section */
		8A4C52A91E1B6395002EE9C5 /* PBXTargetDependency */ = {
			isa = PBXTargetDependency;
			target = 8A4C52951E1B6395002EE9C5 /* Quelle */;
			targetProxy = 8A4C52A81E1B6395002EE9C5 /* PBXContainerItemProxy */;
		};
		8A4C52B41E1B6395002EE9C5 /* PBXTargetDependency */ = {
			isa = PBXTargetDependency;
			target = 8A4C52951E1B6395002EE9C5 /* Quelle */;
			targetProxy = 8A4C52B31E1B6395002EE9C5 /* PBXContainerItemProxy */;
		};
/* End PBXTargetDependency section */

/* Begin PBXVariantGroup section */
		8A4C529F1E1B6395002EE9C5 /* Main.storyboard */ = {
			isa = PBXVariantGroup;
			children = (
				8A4C52A01E1B6395002EE9C5 /* Base */,
			);
			name = Main.storyboard;
			sourceTree = "<group>";
		};
/* End PBXVariantGroup section */

/* Begin XCBuildConfiguration section */
		8A4C52B91E1B6395002EE9C5 /* Debug */ = {
			isa = XCBuildConfiguration;
			buildSettings = {
				ALWAYS_SEARCH_USER_PATHS = NO;
				CLANG_ANALYZER_NONNULL = YES;
				CLANG_CXX_LANGUAGE_STANDARD = "gnu++0x";
				CLANG_CXX_LIBRARY = "libc++";
				CLANG_ENABLE_MODULES = YES;
				CLANG_ENABLE_OBJC_ARC = YES;
				CLANG_WARN_BOOL_CONVERSION = YES;
				CLANG_WARN_CONSTANT_CONVERSION = YES;
				CLANG_WARN_DIRECT_OBJC_ISA_USAGE = YES_ERROR;
				CLANG_WARN_DOCUMENTATION_COMMENTS = YES;
				CLANG_WARN_EMPTY_BODY = YES;
				CLANG_WARN_ENUM_CONVERSION = YES;
				CLANG_WARN_INFINITE_RECURSION = YES;
				CLANG_WARN_INT_CONVERSION = YES;
				CLANG_WARN_OBJC_ROOT_CLASS = YES_ERROR;
				CLANG_WARN_SUSPICIOUS_MOVE = YES;
				CLANG_WARN_UNREACHABLE_CODE = YES;
				CLANG_WARN__DUPLICATE_METHOD_MATCH = YES;
				CODE_SIGN_IDENTITY = "-";
				COPY_PHASE_STRIP = NO;
				DEBUG_INFORMATION_FORMAT = dwarf;
				ENABLE_STRICT_OBJC_MSGSEND = YES;
				ENABLE_TESTABILITY = YES;
				GCC_C_LANGUAGE_STANDARD = gnu99;
				GCC_DYNAMIC_NO_PIC = NO;
				GCC_NO_COMMON_BLOCKS = YES;
				GCC_OPTIMIZATION_LEVEL = 0;
				GCC_PREPROCESSOR_DEFINITIONS = (
					"DEBUG=1",
					"$(inherited)",
				);
				GCC_WARN_64_TO_32_BIT_CONVERSION = YES;
				GCC_WARN_ABOUT_RETURN_TYPE = YES_ERROR;
				GCC_WARN_UNDECLARED_SELECTOR = YES;
				GCC_WARN_UNINITIALIZED_AUTOS = YES_AGGRESSIVE;
				GCC_WARN_UNUSED_FUNCTION = YES;
				GCC_WARN_UNUSED_VARIABLE = YES;
				MACOSX_DEPLOYMENT_TARGET = 10.12;
				MTL_ENABLE_DEBUG_INFO = YES;
				ONLY_ACTIVE_ARCH = YES;
				SDKROOT = macosx;
				SWIFT_ACTIVE_COMPILATION_CONDITIONS = DEBUG;
				SWIFT_OPTIMIZATION_LEVEL = "-Onone";
			};
			name = Debug;
		};
		8A4C52BA1E1B6395002EE9C5 /* Release */ = {
			isa = XCBuildConfiguration;
			buildSettings = {
				ALWAYS_SEARCH_USER_PATHS = NO;
				CLANG_ANALYZER_NONNULL = YES;
				CLANG_CXX_LANGUAGE_STANDARD = "gnu++0x";
				CLANG_CXX_LIBRARY = "libc++";
				CLANG_ENABLE_MODULES = YES;
				CLANG_ENABLE_OBJC_ARC = YES;
				CLANG_WARN_BOOL_CONVERSION = YES;
				CLANG_WARN_CONSTANT_CONVERSION = YES;
				CLANG_WARN_DIRECT_OBJC_ISA_USAGE = YES_ERROR;
				CLANG_WARN_DOCUMENTATION_COMMENTS = YES;
				CLANG_WARN_EMPTY_BODY = YES;
				CLANG_WARN_ENUM_CONVERSION = YES;
				CLANG_WARN_INFINITE_RECURSION = YES;
				CLANG_WARN_INT_CONVERSION = YES;
				CLANG_WARN_OBJC_ROOT_CLASS = YES_ERROR;
				CLANG_WARN_SUSPICIOUS_MOVE = YES;
				CLANG_WARN_UNREACHABLE_CODE = YES;
				CLANG_WARN__DUPLICATE_METHOD_MATCH = YES;
				CODE_SIGN_IDENTITY = "-";
				COPY_PHASE_STRIP = NO;
				DEBUG_INFORMATION_FORMAT = "dwarf-with-dsym";
				ENABLE_NS_ASSERTIONS = NO;
				ENABLE_STRICT_OBJC_MSGSEND = YES;
				GCC_C_LANGUAGE_STANDARD = gnu99;
				GCC_NO_COMMON_BLOCKS = YES;
				GCC_WARN_64_TO_32_BIT_CONVERSION = YES;
				GCC_WARN_ABOUT_RETURN_TYPE = YES_ERROR;
				GCC_WARN_UNDECLARED_SELECTOR = YES;
				GCC_WARN_UNINITIALIZED_AUTOS = YES_AGGRESSIVE;
				GCC_WARN_UNUSED_FUNCTION = YES;
				GCC_WARN_UNUSED_VARIABLE = YES;
				MACOSX_DEPLOYMENT_TARGET = 10.12;
				MTL_ENABLE_DEBUG_INFO = NO;
				SDKROOT = macosx;
				SWIFT_OPTIMIZATION_LEVEL = "-Owholemodule";
			};
			name = Release;
		};
		8A4C52BC1E1B6395002EE9C5 /* Debug */ = {
			isa = XCBuildConfiguration;
			buildSettings = {
				ASSETCATALOG_COMPILER_APPICON_NAME = AppIcon;
				COMBINE_HIDPI_IMAGES = YES;
				INFOPLIST_FILE = RepoMan/Info.plist;
				LD_RUNPATH_SEARCH_PATHS = "$(inherited) @executable_path/../Frameworks";
				"OTHER_SWIFT_FLAGS[arch=*]" = "-DDEBUG";
				PRODUCT_BUNDLE_IDENTIFIER = com.128keaton.RepoMan;
				PRODUCT_NAME = "$(TARGET_NAME)";
				SWIFT_VERSION = 3.0;
			};
			name = Debug;
		};
		8A4C52BD1E1B6395002EE9C5 /* Release */ = {
			isa = XCBuildConfiguration;
			buildSettings = {
				ASSETCATALOG_COMPILER_APPICON_NAME = AppIcon;
				COMBINE_HIDPI_IMAGES = YES;
				INFOPLIST_FILE = RepoMan/Info.plist;
				LD_RUNPATH_SEARCH_PATHS = "$(inherited) @executable_path/../Frameworks";
				"OTHER_SWIFT_FLAGS[arch=*]" = "-DRELEASE";
				PRODUCT_BUNDLE_IDENTIFIER = com.128keaton.RepoMan;
				PRODUCT_NAME = "$(TARGET_NAME)";
				SWIFT_VERSION = 3.0;
			};
			name = Release;
		};
		8A4C52BF1E1B6395002EE9C5 /* Debug */ = {
			isa = XCBuildConfiguration;
			buildSettings = {
				ALWAYS_EMBED_SWIFT_STANDARD_LIBRARIES = YES;
				BUNDLE_LOADER = "$(TEST_HOST)";
				COMBINE_HIDPI_IMAGES = YES;
				INFOPLIST_FILE = RepoManTests/Info.plist;
				LD_RUNPATH_SEARCH_PATHS = "$(inherited) @executable_path/../Frameworks @loader_path/../Frameworks";
				PRODUCT_BUNDLE_IDENTIFIER = com.128keaton.RepoManTests;
				PRODUCT_NAME = "$(TARGET_NAME)";
				SWIFT_VERSION = 3.0;
				TEST_HOST = "$(BUILT_PRODUCTS_DIR)/Quelle.app/Contents/MacOS/Quelle";
			};
			name = Debug;
		};
		8A4C52C01E1B6395002EE9C5 /* Release */ = {
			isa = XCBuildConfiguration;
			buildSettings = {
				ALWAYS_EMBED_SWIFT_STANDARD_LIBRARIES = YES;
				BUNDLE_LOADER = "$(TEST_HOST)";
				COMBINE_HIDPI_IMAGES = YES;
				INFOPLIST_FILE = RepoManTests/Info.plist;
				LD_RUNPATH_SEARCH_PATHS = "$(inherited) @executable_path/../Frameworks @loader_path/../Frameworks";
				PRODUCT_BUNDLE_IDENTIFIER = com.128keaton.RepoManTests;
				PRODUCT_NAME = "$(TARGET_NAME)";
				SWIFT_VERSION = 3.0;
				TEST_HOST = "$(BUILT_PRODUCTS_DIR)/Quelle.app/Contents/MacOS/Quelle";
			};
			name = Release;
		};
		8A4C52C21E1B6395002EE9C5 /* Debug */ = {
			isa = XCBuildConfiguration;
			buildSettings = {
				ALWAYS_EMBED_SWIFT_STANDARD_LIBRARIES = YES;
				COMBINE_HIDPI_IMAGES = YES;
				INFOPLIST_FILE = RepoManUITests/Info.plist;
				LD_RUNPATH_SEARCH_PATHS = "$(inherited) @executable_path/../Frameworks @loader_path/../Frameworks";
				PRODUCT_BUNDLE_IDENTIFIER = com.128keaton.RepoManUITests;
				PRODUCT_NAME = "$(TARGET_NAME)";
				SWIFT_VERSION = 3.0;
				TEST_TARGET_NAME = RepoMan;
			};
			name = Debug;
		};
		8A4C52C31E1B6395002EE9C5 /* Release */ = {
			isa = XCBuildConfiguration;
			buildSettings = {
				ALWAYS_EMBED_SWIFT_STANDARD_LIBRARIES = YES;
				COMBINE_HIDPI_IMAGES = YES;
				INFOPLIST_FILE = RepoManUITests/Info.plist;
				LD_RUNPATH_SEARCH_PATHS = "$(inherited) @executable_path/../Frameworks @loader_path/../Frameworks";
				PRODUCT_BUNDLE_IDENTIFIER = com.128keaton.RepoManUITests;
				PRODUCT_NAME = "$(TARGET_NAME)";
				SWIFT_VERSION = 3.0;
				TEST_TARGET_NAME = RepoMan;
			};
			name = Release;
		};
/* End XCBuildConfiguration section */

/* Begin XCConfigurationList section */
		8A4C52911E1B6395002EE9C5 /* Build configuration list for PBXProject "Quelle" */ = {
			isa = XCConfigurationList;
			buildConfigurations = (
				8A4C52B91E1B6395002EE9C5 /* Debug */,
				8A4C52BA1E1B6395002EE9C5 /* Release */,
			);
			defaultConfigurationIsVisible = 0;
			defaultConfigurationName = Release;
		};
		8A4C52BB1E1B6395002EE9C5 /* Build configuration list for PBXNativeTarget "Quelle" */ = {
			isa = XCConfigurationList;
			buildConfigurations = (
				8A4C52BC1E1B6395002EE9C5 /* Debug */,
				8A4C52BD1E1B6395002EE9C5 /* Release */,
			);
			defaultConfigurationIsVisible = 0;
		};
		8A4C52BE1E1B6395002EE9C5 /* Build configuration list for PBXNativeTarget "QuelleTests" */ = {
			isa = XCConfigurationList;
			buildConfigurations = (
				8A4C52BF1E1B6395002EE9C5 /* Debug */,
				8A4C52C01E1B6395002EE9C5 /* Release */,
			);
			defaultConfigurationIsVisible = 0;
		};
		8A4C52C11E1B6395002EE9C5 /* Build configuration list for PBXNativeTarget "QuelleUITests" */ = {
			isa = XCConfigurationList;
			buildConfigurations = (
				8A4C52C21E1B6395002EE9C5 /* Debug */,
				8A4C52C31E1B6395002EE9C5 /* Release */,
			);
			defaultConfigurationIsVisible = 0;
		};
/* End XCConfigurationList section */
	};
	rootObject = 8A4C528E1E1B6395002EE9C5 /* Project object */;
}
